
Microsoft Visual Studio Solution File, Format Version 12.00
# Visual Studio Version 17
VisualStudioVersion = 17.11.35431.28
MinimumVisualStudioVersion = 10.0.40219.1
Project("{FAE04EC0-301F-11D3-BF4B-00C04F79EFBC}") = "Work_25.11", "Work_25.11.csproj", "{AD7784F3-0E06-40B4-A492-D56A4B39BC18}"
EndProject
Global
	GlobalSection(SolutionConfigurationPlatforms) = preSolution
		Debug|Any CPU = Debug|Any CPU
		Release|Any CPU = Release|Any CPU
	EndGlobalSection
	GlobalSection(ProjectConfigurationPlatforms) = postSolution
		{AD7784F3-0E06-40B4-A492-D56A4B39BC18}.Debug|Any CPU.ActiveCfg = Debug|Any CPU
		{AD7784F3-0E06-40B4-A492-D56A4B39BC18}.Debug|Any CPU.Build.0 = Debug|Any CPU
		{AD7784F3-0E06-40B4-A492-D56A4B39BC18}.Release|Any CPU.ActiveCfg = Release|Any CPU
		{AD7784F3-0E06-40B4-A492-D56A4B39BC18}.Release|Any CPU.Build.0 = Release|Any CPU
	EndGlobalSection
	GlobalSection(SolutionProperties) = preSolution
		HideSolutionNode = FALSE
	EndGlobalSection
	GlobalSection(ExtensibilityGlobals) = postSolution
		SolutionGuid = {EFC8360A-1B5F-47EC-901C-998ED9C1EA39}
	EndGlobalSection
EndGlobal
